<Solution>
  <Project Path="Benteler.WorkPlan.Api.SharedModels/Benteler.WorkPlan.Api.SharedModels.csproj" Id="baf37fac-b309-4586-9afd-85b6cac36357" />
  <Project Path="Benteler.WorkPlan.Api/Benteler.WorkPlan.Api.csproj" />
  <Project Path="Benteler.WorkPlan.AppHost/Benteler.WorkPlan.AppHost.csproj" />
  <Project Path="Benteler.WorkPlan.ServiceDefaults/Benteler.WorkPlan.ServiceDefaults.csproj" />
  <Project Path="Benteler.WorkPlan.Web/Benteler.WorkPlan.Web.csproj" Id="16e2bd49-7a7f-402c-bb58-88686f91c3da" />
</Solution>
